
Microsoft Visual Studio Solution File, Format Version 12.00
# Visual Studio Version 16
VisualStudioVersion = 16.0.30413.136
MinimumVisualStudioVersion = 10.0.40219.1
Project("{FAE04EC0-301F-11D3-BF4B-00C04F79EFBC}") = "MyWebAPI", "MyWebAPI\MyWebAPI.csproj", "{1FF01035-B51A-4524-9687-78A2AF1690F0}"
EndProject
Global
	GlobalSection(SolutionConfigurationPlatforms) = preSolution
		Debug|Any CPU = Debug|Any CPU
		Release|Any CPU = Release|Any CPU
	EndGlobalSection
	GlobalSection(ProjectConfigurationPlatforms) = postSolution
		{1FF01035-B51A-4524-9687-78A2AF1690F0}.Debug|Any CPU.ActiveCfg = Debug|Any CPU
		{1FF01035-B51A-4524-9687-78A2AF1690F0}.Debug|Any CPU.Build.0 = Debug|Any CPU
		{1FF01035-B51A-4524-9687-78A2AF1690F0}.Release|Any CPU.ActiveCfg = Release|Any CPU
		{1FF01035-B51A-4524-9687-78A2AF1690F0}.Release|Any CPU.Build.0 = Release|Any CPU
	EndGlobalSection
	GlobalSection(SolutionProperties) = preSolution
		HideSolutionNode = FALSE
	EndGlobalSection
	GlobalSection(ExtensibilityGlobals) = postSolution
		SolutionGuid = {4097159A-BBB6-4CAE-98AD-00BB2DB27326}
	EndGlobalSection
EndGlobal
